
Microsoft Visual Studio Solution File, Format Version 12.00
# Visual Studio Version 17
VisualStudioVersion = 17.14.36121.58 d17.14
MinimumVisualStudioVersion = 10.0.40219.1
Project("{FAE04EC0-301F-11D3-BF4B-00C04F79EFBC}") = "PvZ.Replanted.GameLibs", "PvZ.Replanted.GameLibs.csproj", "{6C275AA8-4A39-4897-BD09-BE2B90D185B5}"
EndProject
Global
	GlobalSection(SolutionConfigurationPlatforms) = preSolution
		Debug|Any CPU = Debug|Any CPU
		Release|Any CPU = Release|Any CPU
	EndGlobalSection
	GlobalSection(ProjectConfigurationPlatforms) = postSolution
		{6C275AA8-4A39-4897-BD09-BE2B90D185B5}.Debug|Any CPU.ActiveCfg = Debug|Any CPU
		{6C275AA8-4A39-4897-BD09-BE2B90D185B5}.Debug|Any CPU.Build.0 = Debug|Any CPU
		{6C275AA8-4A39-4897-BD09-BE2B90D185B5}.Release|Any CPU.ActiveCfg = Release|Any CPU
		{6C275AA8-4A39-4897-BD09-BE2B90D185B5}.Release|Any CPU.Build.0 = Release|Any CPU
	EndGlobalSection
	GlobalSection(SolutionProperties) = preSolution
		HideSolutionNode = FALSE
	EndGlobalSection
	GlobalSection(ExtensibilityGlobals) = postSolution
		SolutionGuid = {D7724384-55AE-472E-8FCE-BD4D360FF96E}
	EndGlobalSection
EndGlobal
